
Microsoft Visual Studio Solution File, Format Version 12.00
# Visual Studio Version 16
VisualStudioVersion = 16.0.29613.14
MinimumVisualStudioVersion = 10.0.40219.1
Project("{9A19103F-16F7-4668-BE54-9A1E7A4F7556}") = "SchedulingAPI", "SchedulingAPI\SchedulingAPI.csproj", "{24A24BE6-D264-43B3-A6A4-B89A1D4942D6}"
EndProject
Project("{2150E333-8FDC-42A3-9474-1A3956D46DE8}") = "Framework", "Framework", "{E56EF012-1B44-414C-BE86-6FC35FE950BC}"
EndProject
Project("{9A19103F-16F7-4668-BE54-9A1E7A4F7556}") = "Common", "Common\Common.csproj", "{B0BEC751-825F-47A5-B073-A543927EBCE7}"
EndProject
Project("{9A19103F-16F7-4668-BE54-9A1E7A4F7556}") = "Configuration", "Configuration\Configuration.csproj", "{CCD7D8A2-6E96-4C6E-9F7A-BF24BCACB6A8}"
EndProject
Project("{9A19103F-16F7-4668-BE54-9A1E7A4F7556}") = "Entity", "Entity\Entity.csproj", "{054D7AF0-3035-499C-B522-15030B6BF6A1}"
EndProject
Project("{9A19103F-16F7-4668-BE54-9A1E7A4F7556}") = "FileManagement", "FileManagement\FileManagement.csproj", "{15E064D3-2F3B-433D-81C4-8B1C2E683CDD}"
EndProject
Project("{9A19103F-16F7-4668-BE54-9A1E7A4F7556}") = "Localization", "Localization\Localization.csproj", "{C4D3D446-09DA-46F7-80F8-F94E734EC23E}"
EndProject
Project("{9A19103F-16F7-4668-BE54-9A1E7A4F7556}") = "Security", "Security\Security.csproj", "{00E40199-434F-4FBF-AB86-2DC0F62A3F5F}"
EndProject
Project("{9A19103F-16F7-4668-BE54-9A1E7A4F7556}") = "SQLContext", "SQLContext\SQLContext.csproj", "{49C19642-FF5B-4794-AE44-4281EF88938A}"
EndProject
Project("{9A19103F-16F7-4668-BE54-9A1E7A4F7556}") = "UserManagement", "UserManagement\UserManagement.csproj", "{5693FC87-4A63-44BB-804C-BD1F40A718A4}"
EndProject
Project("{9A19103F-16F7-4668-BE54-9A1E7A4F7556}") = "Web", "Web\Web.csproj", "{70E96D45-CF1F-48DD-8E5A-F5F73705FADD}"
EndProject
Project("{9A19103F-16F7-4668-BE54-9A1E7A4F7556}") = "CodebookManagement", "CodebookManagement\CodebookManagement.csproj", "{B54EDA45-375B-429C-A29F-AE8AB8871C55}"
EndProject
Project("{9A19103F-16F7-4668-BE54-9A1E7A4F7556}") = "CompanyManagement", "CompanyManagement\CompanyManagement.csproj", "{F39595AF-A255-40AA-BA37-330B1BFD2EB6}"
EndProject
Project("{9A19103F-16F7-4668-BE54-9A1E7A4F7556}") = "SchedulingExternal", "SchedulingExternal\SchedulingExternal.csproj", "{FBEF84FD-4F6C-4965-93A9-A71319069782}"
EndProject
Project("{2150E333-8FDC-42A3-9474-1A3956D46DE8}") = "Modules", "Modules", "{3583B3F1-057B-4674-822D-9976CA2CE81F}"
EndProject
Project("{9A19103F-16F7-4668-BE54-9A1E7A4F7556}") = "Scheduling.Controller", "Scheduling.Controller\Scheduling.Controller.csproj", "{F12FEFAE-9FFC-49AA-9DCA-8A6F2945F07D}"
EndProject
Project("{9A19103F-16F7-4668-BE54-9A1E7A4F7556}") = "Scheduling.Contract", "Scheduling.Contract\Scheduling.Contract.csproj", "{0CCF2AAE-C2DD-42A6-B087-9DFD0E42E80F}"
EndProject
Project("{9A19103F-16F7-4668-BE54-9A1E7A4F7556}") = "Scheduling", "Scheduling\Scheduling.csproj", "{F76CA488-8836-4AC6-8EDA-361F9406C776}"
EndProject
Project("{FAE04EC0-301F-11D3-BF4B-00C04F79EFBC}") = "Scheduling.SelectList", "Scheduling.SelectList\Scheduling.SelectList.csproj", "{CF84465F-BFFC-46A2-A3D4-069D5E3DD6F0}"
EndProject
Global
	GlobalSection(SolutionConfigurationPlatforms) = preSolution
		Debug|Any CPU = Debug|Any CPU
		Release|Any CPU = Release|Any CPU
	EndGlobalSection
	GlobalSection(ProjectConfigurationPlatforms) = postSolution
		{24A24BE6-D264-43B3-A6A4-B89A1D4942D6}.Debug|Any CPU.ActiveCfg = Debug|Any CPU
		{24A24BE6-D264-43B3-A6A4-B89A1D4942D6}.Debug|Any CPU.Build.0 = Debug|Any CPU
		{24A24BE6-D264-43B3-A6A4-B89A1D4942D6}.Release|Any CPU.ActiveCfg = Release|Any CPU
		{24A24BE6-D264-43B3-A6A4-B89A1D4942D6}.Release|Any CPU.Build.0 = Release|Any CPU
		{B0BEC751-825F-47A5-B073-A543927EBCE7}.Debug|Any CPU.ActiveCfg = Debug|Any CPU
		{B0BEC751-825F-47A5-B073-A543927EBCE7}.Debug|Any CPU.Build.0 = Debug|Any CPU
		{B0BEC751-825F-47A5-B073-A543927EBCE7}.Release|Any CPU.ActiveCfg = Release|Any CPU
		{B0BEC751-825F-47A5-B073-A543927EBCE7}.Release|Any CPU.Build.0 = Release|Any CPU
		{CCD7D8A2-6E96-4C6E-9F7A-BF24BCACB6A8}.Debug|Any CPU.ActiveCfg = Debug|Any CPU
		{CCD7D8A2-6E96-4C6E-9F7A-BF24BCACB6A8}.Debug|Any CPU.Build.0 = Debug|Any CPU
		{CCD7D8A2-6E96-4C6E-9F7A-BF24BCACB6A8}.Release|Any CPU.ActiveCfg = Release|Any CPU
		{CCD7D8A2-6E96-4C6E-9F7A-BF24BCACB6A8}.Release|Any CPU.Build.0 = Release|Any CPU
		{054D7AF0-3035-499C-B522-15030B6BF6A1}.Debug|Any CPU.ActiveCfg = Debug|Any CPU
		{054D7AF0-3035-499C-B522-15030B6BF6A1}.Debug|Any CPU.Build.0 = Debug|Any CPU
		{054D7AF0-3035-499C-B522-15030B6BF6A1}.Release|Any CPU.ActiveCfg = Release|Any CPU
		{054D7AF0-3035-499C-B522-15030B6BF6A1}.Release|Any CPU.Build.0 = Release|Any CPU
		{15E064D3-2F3B-433D-81C4-8B1C2E683CDD}.Debug|Any CPU.ActiveCfg = Debug|Any CPU
		{15E064D3-2F3B-433D-81C4-8B1C2E683CDD}.Debug|Any CPU.Build.0 = Debug|Any CPU
		{15E064D3-2F3B-433D-81C4-8B1C2E683CDD}.Release|Any CPU.ActiveCfg = Release|Any CPU
		{15E064D3-2F3B-433D-81C4-8B1C2E683CDD}.Release|Any CPU.Build.0 = Release|Any CPU
		{C4D3D446-09DA-46F7-80F8-F94E734EC23E}.Debug|Any CPU.ActiveCfg = Debug|Any CPU
		{C4D3D446-09DA-46F7-80F8-F94E734EC23E}.Debug|Any CPU.Build.0 = Debug|Any CPU
		{C4D3D446-09DA-46F7-80F8-F94E734EC23E}.Release|Any CPU.ActiveCfg = Release|Any CPU
		{C4D3D446-09DA-46F7-80F8-F94E734EC23E}.Release|Any CPU.Build.0 = Release|Any CPU
		{00E40199-434F-4FBF-AB86-2DC0F62A3F5F}.Debug|Any CPU.ActiveCfg = Debug|Any CPU
		{00E40199-434F-4FBF-AB86-2DC0F62A3F5F}.Debug|Any CPU.Build.0 = Debug|Any CPU
		{00E40199-434F-4FBF-AB86-2DC0F62A3F5F}.Release|Any CPU.ActiveCfg = Release|Any CPU
		{00E40199-434F-4FBF-AB86-2DC0F62A3F5F}.Release|Any CPU.Build.0 = Release|Any CPU
		{49C19642-FF5B-4794-AE44-4281EF88938A}.Debug|Any CPU.ActiveCfg = Debug|Any CPU
		{49C19642-FF5B-4794-AE44-4281EF88938A}.Debug|Any CPU.Build.0 = Debug|Any CPU
		{49C19642-FF5B-4794-AE44-4281EF88938A}.Release|Any CPU.ActiveCfg = Release|Any CPU
		{49C19642-FF5B-4794-AE44-4281EF88938A}.Release|Any CPU.Build.0 = Release|Any CPU
		{5693FC87-4A63-44BB-804C-BD1F40A718A4}.Debug|Any CPU.ActiveCfg = Debug|Any CPU
		{5693FC87-4A63-44BB-804C-BD1F40A718A4}.Debug|Any CPU.Build.0 = Debug|Any CPU
		{5693FC87-4A63-44BB-804C-BD1F40A718A4}.Release|Any CPU.ActiveCfg = Release|Any CPU
		{5693FC87-4A63-44BB-804C-BD1F40A718A4}.Release|Any CPU.Build.0 = Release|Any CPU
		{70E96D45-CF1F-48DD-8E5A-F5F73705FADD}.Debug|Any CPU.ActiveCfg = Debug|Any CPU
		{70E96D45-CF1F-48DD-8E5A-F5F73705FADD}.Debug|Any CPU.Build.0 = Debug|Any CPU
		{70E96D45-CF1F-48DD-8E5A-F5F73705FADD}.Release|Any CPU.ActiveCfg = Release|Any CPU
		{70E96D45-CF1F-48DD-8E5A-F5F73705FADD}.Release|Any CPU.Build.0 = Release|Any CPU
		{B54EDA45-375B-429C-A29F-AE8AB8871C55}.Debug|Any CPU.ActiveCfg = Debug|Any CPU
		{B54EDA45-375B-429C-A29F-AE8AB8871C55}.Debug|Any CPU.Build.0 = Debug|Any CPU
		{B54EDA45-375B-429C-A29F-AE8AB8871C55}.Release|Any CPU.ActiveCfg = Release|Any CPU
		{B54EDA45-375B-429C-A29F-AE8AB8871C55}.Release|Any CPU.Build.0 = Release|Any CPU
		{F39595AF-A255-40AA-BA37-330B1BFD2EB6}.Debug|Any CPU.ActiveCfg = Debug|Any CPU
		{F39595AF-A255-40AA-BA37-330B1BFD2EB6}.Debug|Any CPU.Build.0 = Debug|Any CPU
		{F39595AF-A255-40AA-BA37-330B1BFD2EB6}.Release|Any CPU.ActiveCfg = Release|Any CPU
		{F39595AF-A255-40AA-BA37-330B1BFD2EB6}.Release|Any CPU.Build.0 = Release|Any CPU
		{FBEF84FD-4F6C-4965-93A9-A71319069782}.Debug|Any CPU.ActiveCfg = Debug|Any CPU
		{FBEF84FD-4F6C-4965-93A9-A71319069782}.Debug|Any CPU.Build.0 = Debug|Any CPU
		{FBEF84FD-4F6C-4965-93A9-A71319069782}.Release|Any CPU.ActiveCfg = Release|Any CPU
		{FBEF84FD-4F6C-4965-93A9-A71319069782}.Release|Any CPU.Build.0 = Release|Any CPU
		{F12FEFAE-9FFC-49AA-9DCA-8A6F2945F07D}.Debug|Any CPU.ActiveCfg = Debug|Any CPU
		{F12FEFAE-9FFC-49AA-9DCA-8A6F2945F07D}.Debug|Any CPU.Build.0 = Debug|Any CPU
		{F12FEFAE-9FFC-49AA-9DCA-8A6F2945F07D}.Release|Any CPU.ActiveCfg = Release|Any CPU
		{F12FEFAE-9FFC-49AA-9DCA-8A6F2945F07D}.Release|Any CPU.Build.0 = Release|Any CPU
		{0CCF2AAE-C2DD-42A6-B087-9DFD0E42E80F}.Debug|Any CPU.ActiveCfg = Debug|Any CPU
		{0CCF2AAE-C2DD-42A6-B087-9DFD0E42E80F}.Debug|Any CPU.Build.0 = Debug|Any CPU
		{0CCF2AAE-C2DD-42A6-B087-9DFD0E42E80F}.Release|Any CPU.ActiveCfg = Release|Any CPU
		{0CCF2AAE-C2DD-42A6-B087-9DFD0E42E80F}.Release|Any CPU.Build.0 = Release|Any CPU
		{F76CA488-8836-4AC6-8EDA-361F9406C776}.Debug|Any CPU.ActiveCfg = Debug|Any CPU
		{F76CA488-8836-4AC6-8EDA-361F9406C776}.Debug|Any CPU.Build.0 = Debug|Any CPU
		{F76CA488-8836-4AC6-8EDA-361F9406C776}.Release|Any CPU.ActiveCfg = Release|Any CPU
		{F76CA488-8836-4AC6-8EDA-361F9406C776}.Release|Any CPU.Build.0 = Release|Any CPU
		{CF84465F-BFFC-46A2-A3D4-069D5E3DD6F0}.Debug|Any CPU.ActiveCfg = Debug|Any CPU
		{CF84465F-BFFC-46A2-A3D4-069D5E3DD6F0}.Debug|Any CPU.Build.0 = Debug|Any CPU
		{CF84465F-BFFC-46A2-A3D4-069D5E3DD6F0}.Release|Any CPU.ActiveCfg = Release|Any CPU
		{CF84465F-BFFC-46A2-A3D4-069D5E3DD6F0}.Release|Any CPU.Build.0 = Release|Any CPU
	EndGlobalSection
	GlobalSection(SolutionProperties) = preSolution
		HideSolutionNode = FALSE
	EndGlobalSection
	GlobalSection(NestedProjects) = preSolution
		{B0BEC751-825F-47A5-B073-A543927EBCE7} = {E56EF012-1B44-414C-BE86-6FC35FE950BC}
		{CCD7D8A2-6E96-4C6E-9F7A-BF24BCACB6A8} = {E56EF012-1B44-414C-BE86-6FC35FE950BC}
		{054D7AF0-3035-499C-B522-15030B6BF6A1} = {E56EF012-1B44-414C-BE86-6FC35FE950BC}
		{15E064D3-2F3B-433D-81C4-8B1C2E683CDD} = {E56EF012-1B44-414C-BE86-6FC35FE950BC}
		{C4D3D446-09DA-46F7-80F8-F94E734EC23E} = {E56EF012-1B44-414C-BE86-6FC35FE950BC}
		{00E40199-434F-4FBF-AB86-2DC0F62A3F5F} = {E56EF012-1B44-414C-BE86-6FC35FE950BC}
		{49C19642-FF5B-4794-AE44-4281EF88938A} = {E56EF012-1B44-414C-BE86-6FC35FE950BC}
		{5693FC87-4A63-44BB-804C-BD1F40A718A4} = {E56EF012-1B44-414C-BE86-6FC35FE950BC}
		{70E96D45-CF1F-48DD-8E5A-F5F73705FADD} = {E56EF012-1B44-414C-BE86-6FC35FE950BC}
		{B54EDA45-375B-429C-A29F-AE8AB8871C55} = {E56EF012-1B44-414C-BE86-6FC35FE950BC}
		{F39595AF-A255-40AA-BA37-330B1BFD2EB6} = {E56EF012-1B44-414C-BE86-6FC35FE950BC}
		{FBEF84FD-4F6C-4965-93A9-A71319069782} = {E56EF012-1B44-414C-BE86-6FC35FE950BC}
		{F12FEFAE-9FFC-49AA-9DCA-8A6F2945F07D} = {3583B3F1-057B-4674-822D-9976CA2CE81F}
		{0CCF2AAE-C2DD-42A6-B087-9DFD0E42E80F} = {3583B3F1-057B-4674-822D-9976CA2CE81F}
		{F76CA488-8836-4AC6-8EDA-361F9406C776} = {3583B3F1-057B-4674-822D-9976CA2CE81F}
		{CF84465F-BFFC-46A2-A3D4-069D5E3DD6F0} = {3583B3F1-057B-4674-822D-9976CA2CE81F}
	EndGlobalSection
	GlobalSection(ExtensibilityGlobals) = postSolution
		SolutionGuid = {E736624D-1456-4197-8262-23519117CB73}
	EndGlobalSection
EndGlobal
